
Microsoft Visual Studio Solution File, Format Version 12.00
# Visual Studio Version 16
VisualStudioVersion = 16.0.30011.22
MinimumVisualStudioVersion = 10.0.40219.1
Project("{FAE04EC0-301F-11D3-BF4B-00C04F79EFBC}") = "WebApi", "WebApi\WebApi.csproj", "{68D394B8-3BFA-47A4-AA8C-C227D5752AC1}"
EndProject
Global
	GlobalSection(SolutionConfigurationPlatforms) = preSolution
		Debug|Any CPU = Debug|Any CPU
		Release|Any CPU = Release|Any CPU
	EndGlobalSection
	GlobalSection(ProjectConfigurationPlatforms) = postSolution
		{68D394B8-3BFA-47A4-AA8C-C227D5752AC1}.Debug|Any CPU.ActiveCfg = Debug|Any CPU
		{68D394B8-3BFA-47A4-AA8C-C227D5752AC1}.Debug|Any CPU.Build.0 = Debug|Any CPU
		{68D394B8-3BFA-47A4-AA8C-C227D5752AC1}.Release|Any CPU.ActiveCfg = Release|Any CPU
		{68D394B8-3BFA-47A4-AA8C-C227D5752AC1}.Release|Any CPU.Build.0 = Release|Any CPU
	EndGlobalSection
	GlobalSection(SolutionProperties) = preSolution
		HideSolutionNode = FALSE
	EndGlobalSection
	GlobalSection(ExtensibilityGlobals) = postSolution
		SolutionGuid = {D3F0D861-7953-4B37-AC65-36624895B17E}
	EndGlobalSection
EndGlobal
